<?xml version="1.0" encoding="utf-8"?>
<Project ToolsVersion="4.0" xmlns="http://schemas.microsoft.com/developer/msbuild/2003">
  <ItemGroup>
    <ClCompile Include="GuardCode.cpp" />
    <ClCompile Include="Includes\filter.cpp">
      <Filter>Includes</Filter>
    </ClCompile>
    <ClCompile Include="Includes\filtermgr.cpp">
      <Filter>Includes</Filter>
    </ClCompile>
    <ClCompile Include="Includes\stdafx.cpp">
      <Filter>Includes</Filter>
    </ClCompile>
  </ItemGroup>
  <ItemGroup>
    <Filter Include="Includes">
      <UniqueIdentifier>{a677e3dc-e665-469e-ac33-650ea813cdf8}</UniqueIdentifier>
    </Filter>
  </ItemGroup>
  <ItemGroup>
    <ClInclude Include="Includes\atlapp.h">
      <Filter>Includes</Filter>
    </ClInclude>
    <ClInclude Include="Includes\atlcrack.h">
      <Filter>Includes</Filter>
    </ClInclude>
    <ClInclude Include="Includes\atlctrls.h">
      <Filter>Includes</Filter>
    </ClInclude>
    <ClInclude Include="Includes\atlctrlw.h">
      <Filter>Includes</Filter>
    </ClInclude>
    <ClInclude Include="Includes\atlctrlx.h">
      <Filter>Includes</Filter>
    </ClInclude>
    <ClInclude Include="Includes\atlddx.h">
      <Filter>Includes</Filter>
    </ClInclude>
    <ClInclude Include="Includes\atldlgs.h">
      <Filter>Includes</Filter>
    </ClInclude>
    <ClInclude Include="Includes\atldwm.h">
      <Filter>Includes</Filter>
    </ClInclude>
    <ClInclude Include="Includes\atlfind.h">
      <Filter>Includes</Filter>
    </ClInclude>
    <ClInclude Include="Includes\atlframe.h">
      <Filter>Includes</Filter>
    </ClInclude>
    <ClInclude Include="Includes\atlgdi.h">
      <Filter>Includes</Filter>
    </ClInclude>
    <ClInclude Include="Includes\atlmisc.h">
      <Filter>Includes</Filter>
    </ClInclude>
    <ClInclude Include="Includes\atlprint.h">
      <Filter>Includes</Filter>
    </ClInclude>
    <ClInclude Include="Includes\atlres.h">
      <Filter>Includes</Filter>
    </ClInclude>
    <ClInclude Include="Includes\atlribbon.h">
      <Filter>Includes</Filter>
    </ClInclude>
    <ClInclude Include="Includes\atlscrl.h">
      <Filter>Includes</Filter>
    </ClInclude>
    <ClInclude Include="Includes\atlsplit.h">
      <Filter>Includes</Filter>
    </ClInclude>
    <ClInclude Include="Includes\atltheme.h">
      <Filter>Includes</Filter>
    </ClInclude>
    <ClInclude Include="Includes\atluser.h">
      <Filter>Includes</Filter>
    </ClInclude>
    <ClInclude Include="Includes\atlwinx.h">
      <Filter>Includes</Filter>
    </ClInclude>
    <ClInclude Include="Includes\filter.hpp">
      <Filter>Includes</Filter>
    </ClInclude>
    <ClInclude Include="Includes\filtermgr.h">
      <Filter>Includes</Filter>
    </ClInclude>
    <ClInclude Include="Includes\stdafx.h">
      <Filter>Includes</Filter>
    </ClInclude>
  </ItemGroup>
</Project>